// !$*UTF8*$!
{
	archiveVersion = 1;
	classes = {
	};
	objectVersion = 50;
	objects = {

/* Begin PBXBuildFile section */
		3B3DA0D322C3A8DF000CFF15 /* AppDelegate.swift in Sources */ = {isa = PBXBuildFile; fileRef = 3B3DA0D222C3A8DF000CFF15 /* AppDelegate.swift */; };
		3B3DA0D522C3A8DF000CFF15 /* SceneDelegate.swift in Sources */ = {isa = PBXBuildFile; fileRef = 3B3DA0D422C3A8DF000CFF15 /* SceneDelegate.swift */; };
		3B3DA0D722C3A8DF000CFF15 /* ViewController.swift in Sources */ = {isa = PBXBuildFile; fileRef = 3B3DA0D622C3A8DF000CFF15 /* ViewController.swift */; };
		3B3DA0DA22C3A8DF000CFF15 /* Main.storyboard in Resources */ = {isa = PBXBuildFile; fileRef = 3B3DA0D822C3A8DF000CFF15 /* Main.storyboard */; };
		3B3DA0DC22C3A8E1000CFF15 /* Assets.xcassets in Resources */ = {isa = PBXBuildFile; fileRef = 3B3DA0DB22C3A8E1000CFF15 /* Assets.xcassets */; };
		3B3DA0DF22C3A8E1000CFF15 /* LaunchScreen.storyboard in Resources */ = {isa = PBXBuildFile; fileRef = 3B3DA0DD22C3A8E1000CFF15 /* LaunchScreen.storyboard */; };
		3B3DA0EE22C3AA5F000CFF15 /* MainTableViewController.swift in Sources */ = {isa = PBXBuildFile; fileRef = 3B3DA0ED22C3AA5F000CFF15 /* MainTableViewController.swift */; };
		D41AB62622C49226001876E0 /* ModalPresentationsViewController.swift in Sources */ = {isa = PBXBuildFile; fileRef = D41AB62522C49226001876E0 /* ModalPresentationsViewController.swift */; };
		D41AB62822C493A0001876E0 /* ModelPresentedViewController.swift in Sources */ = {isa = PBXBuildFile; fileRef = D41AB62722C493A0001876E0 /* ModelPresentedViewController.swift */; };
		D41AB62A22C49E21001876E0 /* WebViewController.swift in Sources */ = {isa = PBXBuildFile; fileRef = D41AB62922C49E21001876E0 /* WebViewController.swift */; };
		D43158BC22C46CF700395A7F /* TextViewController.swift in Sources */ = {isa = PBXBuildFile; fileRef = D43158BB22C46CF700395A7F /* TextViewController.swift */; };
		D43158BE22C4726300395A7F /* ColorCollectionViewController.swift in Sources */ = {isa = PBXBuildFile; fileRef = D43158BD22C4726300395A7F /* ColorCollectionViewController.swift */; };
		D451E25C22C5B908002569F8 /* ContextualMenusViewController.swift in Sources */ = {isa = PBXBuildFile; fileRef = D451E25B22C5B908002569F8 /* ContextualMenusViewController.swift */; };
		D451E26022C5ED49002569F8 /* ContextualMenusTableViewController.swift in Sources */ = {isa = PBXBuildFile; fileRef = D451E25F22C5ED49002569F8 /* ContextualMenusTableViewController.swift */; };
/* End PBXBuildFile section */

/* Begin PBXFileReference section */
		3B3DA0CF22C3A8DF000CFF15 /* iOS13NewFeature.app */ = {isa = PBXFileReference; explicitFileType = wrapper.application; includeInIndex = 0; path = iOS13NewFeature.app; sourceTree = BUILT_PRODUCTS_DIR; };
		3B3DA0D222C3A8DF000CFF15 /* AppDelegate.swift */ = {isa = PBXFileReference; lastKnownFileType = sourcecode.swift; path = AppDelegate.swift; sourceTree = "<group>"; };
		3B3DA0D422C3A8DF000CFF15 /* SceneDelegate.swift */ = {isa = PBXFileReference; lastKnownFileType = sourcecode.swift; path = SceneDelegate.swift; sourceTree = "<group>"; };
		3B3DA0D622C3A8DF000CFF15 /* ViewController.swift */ = {isa = PBXFileReference; lastKnownFileType = sourcecode.swift; path = ViewController.swift; sourceTree = "<group>"; };
		3B3DA0D922C3A8DF000CFF15 /* Base */ = {isa = PBXFileReference; lastKnownFileType = file.storyboard; name = Base; path = Base.lproj/Main.storyboard; sourceTree = "<group>"; };
		3B3DA0DB22C3A8E1000CFF15 /* Assets.xcassets */ = {isa = PBXFileReference; lastKnownFileType = folder.assetcatalog; path = Assets.xcassets; sourceTree = "<group>"; };
		3B3DA0DE22C3A8E1000CFF15 /* Base */ = {isa = PBXFileReference; lastKnownFileType = file.storyboard; name = Base; path = Base.lproj/LaunchScreen.storyboard; sourceTree = "<group>"; };
		3B3DA0E022C3A8E1000CFF15 /* Info.plist */ = {isa = PBXFileReference; lastKnownFileType = text.plist.xml; path = Info.plist; sourceTree = "<group>"; };
		3B3DA0ED22C3AA5F000CFF15 /* MainTableViewController.swift */ = {isa = PBXFileReference; lastKnownFileType = sourcecode.swift; path = MainTableViewController.swift; sourceTree = "<group>"; };
		D41AB62522C49226001876E0 /* ModalPresentationsViewController.swift */ = {isa = PBXFileReference; lastKnownFileType = sourcecode.swift; path = ModalPresentationsViewController.swift; sourceTree = "<group>"; };
		D41AB62722C493A0001876E0 /* ModelPresentedViewController.swift */ = {isa = PBXFileReference; lastKnownFileType = sourcecode.swift; path = ModelPresentedViewController.swift; sourceTree = "<group>"; };
		D41AB62922C49E21001876E0 /* WebViewController.swift */ = {isa = PBXFileReference; lastKnownFileType = sourcecode.swift; path = WebViewController.swift; sourceTree = "<group>"; };
		D43158BB22C46CF700395A7F /* TextViewController.swift */ = {isa = PBXFileReference; lastKnownFileType = sourcecode.swift; path = TextViewController.swift; sourceTree = "<group>"; };
		D43158BD22C4726300395A7F /* ColorCollectionViewController.swift */ = {isa = PBXFileReference; lastKnownFileType = sourcecode.swift; path = ColorCollectionViewController.swift; sourceTree = "<group>"; };
		D451E25B22C5B908002569F8 /* ContextualMenusViewController.swift */ = {isa = PBXFileReference; lastKnownFileType = sourcecode.swift; path = ContextualMenusViewController.swift; sourceTree = "<group>"; };
		D451E25F22C5ED49002569F8 /* ContextualMenusTableViewController.swift */ = {isa = PBXFileReference; lastKnownFileType = sourcecode.swift; path = ContextualMenusTableViewController.swift; sourceTree = "<group>"; };
/* End PBXFileReference section */

/* Begin PBXFrameworksBuildPhase section */
		3B3DA0CC22C3A8DF000CFF15 /* Frameworks */ = {
			isa = PBXFrameworksBuildPhase;
			buildActionMask = 2147483647;
			files = (
			);
			runOnlyForDeploymentPostprocessing = 0;
		};
/* End PBXFrameworksBuildPhase section */

/* Begin PBXGroup section */
		3B3DA0C622C3A8DF000CFF15 = {
			isa = PBXGroup;
			children = (
				3B3DA0D122C3A8DF000CFF15 /* iOS13NewFeature */,
			);
			sourceTree = "<group>";
		};
		3B3DA0D022C3A8DF000CFF15 /* Products */ = {
			isa = PBXGroup;
			children = (
				3B3DA0CF22C3A8DF000CFF15 /* iOS13NewFeature.app */,
			);
			name = Products;
			path = ..;
			sourceTree = "<group>";
		};
		3B3DA0D122C3A8DF000CFF15 /* iOS13NewFeature */ = {
			isa = PBXGroup;
			children = (
				3B3DA0E622C3A928000CFF15 /* Main */,
				3B3DA0D222C3A8DF000CFF15 /* AppDelegate.swift */,
				3B3DA0D422C3A8DF000CFF15 /* SceneDelegate.swift */,
				3B3DA0D622C3A8DF000CFF15 /* ViewController.swift */,
				3B3DA0D822C3A8DF000CFF15 /* Main.storyboard */,
				3B3DA0DB22C3A8E1000CFF15 /* Assets.xcassets */,
				3B3DA0DD22C3A8E1000CFF15 /* LaunchScreen.storyboard */,
				3B3DA0D022C3A8DF000CFF15 /* Products */,
				3B3DA0E022C3A8E1000CFF15 /* Info.plist */,
			);
			path = iOS13NewFeature;
			sourceTree = "<group>";
		};
		3B3DA0E622C3A928000CFF15 /* Main */ = {
			isa = PBXGroup;
			children = (
				3B3DA0ED22C3AA5F000CFF15 /* MainTableViewController.swift */,
				D43158BB22C46CF700395A7F /* TextViewController.swift */,
				D43158BD22C4726300395A7F /* ColorCollectionViewController.swift */,
				D41AB62522C49226001876E0 /* ModalPresentationsViewController.swift */,
				D41AB62722C493A0001876E0 /* ModelPresentedViewController.swift */,
				D41AB62922C49E21001876E0 /* WebViewController.swift */,
				D451E25B22C5B908002569F8 /* ContextualMenusViewController.swift */,
				D451E25F22C5ED49002569F8 /* ContextualMenusTableViewController.swift */,
			);
			path = Main;
			sourceTree = "<group>";
		};
/* End PBXGroup section */

/* Begin PBXNativeTarget section */
		3B3DA0CE22C3A8DF000CFF15 /* iOS13NewFeature */ = {
			isa = PBXNativeTarget;
			buildConfigurationList = 3B3DA0E322C3A8E1000CFF15 /* Build configuration list for PBXNativeTarget "iOS13NewFeature" */;
			buildPhases = (
				3B3DA0CB22C3A8DF000CFF15 /* Sources */,
				3B3DA0CC22C3A8DF000CFF15 /* Frameworks */,
				3B3DA0CD22C3A8DF000CFF15 /* Resources */,
			);
			buildRules = (
			);
			dependencies = (
			);
			name = iOS13NewFeature;
			productName = iOS13NewFeature;
			productReference = 3B3DA0CF22C3A8DF000CFF15 /* iOS13NewFeature.app */;
			productType = "com.apple.product-type.application";
		};
/* End PBXNativeTarget section */

/* Begin PBXProject section */
		3B3DA0C722C3A8DF000CFF15 /* Project object */ = {
			isa = PBXProject;
			attributes = {
				LastSwiftUpdateCheck = 1100;
				LastUpgradeCheck = 1100;
				ORGANIZATIONNAME = "朱廷";
				TargetAttributes = {
					3B3DA0CE22C3A8DF000CFF15 = {
						CreatedOnToolsVersion = 11.0;
					};
				};
			};
			buildConfigurationList = 3B3DA0CA22C3A8DF000CFF15 /* Build configuration list for PBXProject "iOS13NewFeature" */;
			compatibilityVersion = "Xcode 9.3";
			developmentRegion = en;
			hasScannedForEncodings = 0;
			knownRegions = (
				en,
				Base,
			);
			mainGroup = 3B3DA0C622C3A8DF000CFF15;
			productRefGroup = 3B3DA0D022C3A8DF000CFF15 /* Products */;
			projectDirPath = "";
			projectRoot = "";
			targets = (
				3B3DA0CE22C3A8DF000CFF15 /* iOS13NewFeature */,
			);
		};
/* End PBXProject section */

/* Begin PBXResourcesBuildPhase section */
		3B3DA0CD22C3A8DF000CFF15 /* Resources */ = {
			isa = PBXResourcesBuildPhase;
			buildActionMask = 2147483647;
			files = (
				3B3DA0DF22C3A8E1000CFF15 /* LaunchScreen.storyboard in Resources */,
				3B3DA0DC22C3A8E1000CFF15 /* Assets.xcassets in Resources */,
				3B3DA0DA22C3A8DF000CFF15 /* Main.storyboard in Resources */,
			);
			runOnlyForDeploymentPostprocessing = 0;
		};
/* End PBXResourcesBuildPhase section */

/* Begin PBXSourcesBuildPhase section */
		3B3DA0CB22C3A8DF000CFF15 /* Sources */ = {
			isa = PBXSourcesBuildPhase;
			buildActionMask = 2147483647;
			files = (
				D43158BC22C46CF700395A7F /* TextViewController.swift in Sources */,
				D451E26022C5ED49002569F8 /* ContextualMenusTableViewController.swift in Sources */,
				3B3DA0EE22C3AA5F000CFF15 /* MainTableViewController.swift in Sources */,
				D41AB62A22C49E21001876E0 /* WebViewController.swift in Sources */,
				D41AB62822C493A0001876E0 /* ModelPresentedViewController.swift in Sources */,
				3B3DA0D722C3A8DF000CFF15 /* ViewController.swift in Sources */,
				D41AB62622C49226001876E0 /* ModalPresentationsViewController.swift in Sources */,
				D451E25C22C5B908002569F8 /* ContextualMenusViewController.swift in Sources */,
				3B3DA0D322C3A8DF000CFF15 /* AppDelegate.swift in Sources */,
				D43158BE22C4726300395A7F /* ColorCollectionViewController.swift in Sources */,
				3B3DA0D522C3A8DF000CFF15 /* SceneDelegate.swift in Sources */,
			);
			runOnlyForDeploymentPostprocessing = 0;
		};
/* End PBXSourcesBuildPhase section */

/* Begin PBXVariantGroup section */
		3B3DA0D822C3A8DF000CFF15 /* Main.storyboard */ = {
			isa = PBXVariantGroup;
			children = (
				3B3DA0D922C3A8DF000CFF15 /* Base */,
			);
			name = Main.storyboard;
			sourceTree = "<group>";
		};
		3B3DA0DD22C3A8E1000CFF15 /* LaunchScreen.storyboard */ = {
			isa = PBXVariantGroup;
			children = (
				3B3DA0DE22C3A8E1000CFF15 /* Base */,
			);
			name = LaunchScreen.storyboard;
			sourceTree = "<group>";
		};
/* End PBXVariantGroup section */

/* Begin XCBuildConfiguration section */
		3B3DA0E122C3A8E1000CFF15 /* Debug */ = {
			isa = XCBuildConfiguration;
			buildSettings = {
				ALWAYS_SEARCH_USER_PATHS = NO;
				CLANG_ANALYZER_NONNULL = YES;
				CLANG_ANALYZER_NUMBER_OBJECT_CONVERSION = YES_AGGRESSIVE;
				CLANG_CXX_LANGUAGE_STANDARD = "gnu++14";
				CLANG_CXX_LIBRARY = "libc++";
				CLANG_ENABLE_MODULES = YES;
				CLANG_ENABLE_OBJC_ARC = YES;
				CLANG_ENABLE_OBJC_WEAK = YES;
				CLANG_WARN_BLOCK_CAPTURE_AUTORELEASING = YES;
				CLANG_WARN_BOOL_CONVERSION = YES;
				CLANG_WARN_COMMA = YES;
				CLANG_WARN_CONSTANT_CONVERSION = YES;
				CLANG_WARN_DEPRECATED_OBJC_IMPLEMENTATIONS = YES;
				CLANG_WARN_DIRECT_OBJC_ISA_USAGE = YES_ERROR;
				CLANG_WARN_DOCUMENTATION_COMMENTS = YES;
				CLANG_WARN_EMPTY_BODY = YES;
				CLANG_WARN_ENUM_CONVERSION = YES;
				CLANG_WARN_INFINITE_RECURSION = YES;
				CLANG_WARN_INT_CONVERSION = YES;
				CLANG_WARN_NON_LITERAL_NULL_CONVERSION = YES;
				CLANG_WARN_OBJC_IMPLICIT_RETAIN_SELF = YES;
				CLANG_WARN_OBJC_LITERAL_CONVERSION = YES;
				CLANG_WARN_OBJC_ROOT_CLASS = YES_ERROR;
				CLANG_WARN_RANGE_LOOP_ANALYSIS = YES;
				CLANG_WARN_STRICT_PROTOTYPES = YES;
				CLANG_WARN_SUSPICIOUS_MOVE = YES;
				CLANG_WARN_UNGUARDED_AVAILABILITY = YES_AGGRESSIVE;
				CLANG_WARN_UNREACHABLE_CODE = YES;
				CLANG_WARN__DUPLICATE_METHOD_MATCH = YES;
				COPY_PHASE_STRIP = NO;
				DEBUG_INFORMATION_FORMAT = dwarf;
				ENABLE_STRICT_OBJC_MSGSEND = YES;
				ENABLE_TESTABILITY = YES;
				GCC_C_LANGUAGE_STANDARD = gnu11;
				GCC_DYNAMIC_NO_PIC = NO;
				GCC_NO_COMMON_BLOCKS = YES;
				GCC_OPTIMIZATION_LEVEL = 0;
				GCC_PREPROCESSOR_DEFINITIONS = (
					"DEBUG=1",
					"$(inherited)",
				);
				GCC_WARN_64_TO_32_BIT_CONVERSION = YES;
				GCC_WARN_ABOUT_RETURN_TYPE = YES_ERROR;
				GCC_WARN_UNDECLARED_SELECTOR = YES;
				GCC_WARN_UNINITIALIZED_AUTOS = YES_AGGRESSIVE;
				GCC_WARN_UNUSED_FUNCTION = YES;
				GCC_WARN_UNUSED_VARIABLE = YES;
				IPHONEOS_DEPLOYMENT_TARGET = 13.0;
				MTL_ENABLE_DEBUG_INFO = INCLUDE_SOURCE;
				MTL_FAST_MATH = YES;
				ONLY_ACTIVE_ARCH = YES;
				SDKROOT = iphoneos;
				SWIFT_ACTIVE_COMPILATION_CONDITIONS = DEBUG;
				SWIFT_OPTIMIZATION_LEVEL = "-Onone";
			};
			name = Debug;
		};
		3B3DA0E222C3A8E1000CFF15 /* Release */ = {
			isa = XCBuildConfiguration;
			buildSettings = {
				ALWAYS_SEARCH_USER_PATHS = NO;
				CLANG_ANALYZER_NONNULL = YES;
				CLANG_ANALYZER_NUMBER_OBJECT_CONVERSION = YES_AGGRESSIVE;
				CLANG_CXX_LANGUAGE_STANDARD = "gnu++14";
				CLANG_CXX_LIBRARY = "libc++";
				CLANG_ENABLE_MODULES = YES;
				CLANG_ENABLE_OBJC_ARC = YES;
				CLANG_ENABLE_OBJC_WEAK = YES;
				CLANG_WARN_BLOCK_CAPTURE_AUTORELEASING = YES;
				CLANG_WARN_BOOL_CONVERSION = YES;
				CLANG_WARN_COMMA = YES;
				CLANG_WARN_CONSTANT_CONVERSION = YES;
				CLANG_WARN_DEPRECATED_OBJC_IMPLEMENTATIONS = YES;
				CLANG_WARN_DIRECT_OBJC_ISA_USAGE = YES_ERROR;
				CLANG_WARN_DOCUMENTATION_COMMENTS = YES;
				CLANG_WARN_EMPTY_BODY = YES;
				CLANG_WARN_ENUM_CONVERSION = YES;
				CLANG_WARN_INFINITE_RECURSION = YES;
				CLANG_WARN_INT_CONVERSION = YES;
				CLANG_WARN_NON_LITERAL_NULL_CONVERSION = YES;
				CLANG_WARN_OBJC_IMPLICIT_RETAIN_SELF = YES;
				CLANG_WARN_OBJC_LITERAL_CONVERSION = YES;
				CLANG_WARN_OBJC_ROOT_CLASS = YES_ERROR;
				CLANG_WARN_RANGE_LOOP_ANALYSIS = YES;
				CLANG_WARN_STRICT_PROTOTYPES = YES;
				CLANG_WARN_SUSPICIOUS_MOVE = YES;
				CLANG_WARN_UNGUARDED_AVAILABILITY = YES_AGGRESSIVE;
				CLANG_WARN_UNREACHABLE_CODE = YES;
				CLANG_WARN__DUPLICATE_METHOD_MATCH = YES;
				COPY_PHASE_STRIP = NO;
				DEBUG_INFORMATION_FORMAT = "dwarf-with-dsym";
				ENABLE_NS_ASSERTIONS = NO;
				ENABLE_STRICT_OBJC_MSGSEND = YES;
				GCC_C_LANGUAGE_STANDARD = gnu11;
				GCC_NO_COMMON_BLOCKS = YES;
				GCC_WARN_64_TO_32_BIT_CONVERSION = YES;
				GCC_WARN_ABOUT_RETURN_TYPE = YES_ERROR;
				GCC_WARN_UNDECLARED_SELECTOR = YES;
				GCC_WARN_UNINITIALIZED_AUTOS = YES_AGGRESSIVE;
				GCC_WARN_UNUSED_FUNCTION = YES;
				GCC_WARN_UNUSED_VARIABLE = YES;
				IPHONEOS_DEPLOYMENT_TARGET = 13.0;
				MTL_ENABLE_DEBUG_INFO = NO;
				MTL_FAST_MATH = YES;
				SDKROOT = iphoneos;
				SWIFT_COMPILATION_MODE = wholemodule;
				SWIFT_OPTIMIZATION_LEVEL = "-O";
				VALIDATE_PRODUCT = YES;
			};
			name = Release;
		};
		3B3DA0E422C3A8E1000CFF15 /* Debug */ = {
			isa = XCBuildConfiguration;
			buildSettings = {
				ASSETCATALOG_COMPILER_APPICON_NAME = AppIcon;
				CODE_SIGN_STYLE = Automatic;
				INFOPLIST_FILE = iOS13NewFeature/Info.plist;
				LD_RUNPATH_SEARCH_PATHS = (
					"$(inherited)",
					"@executable_path/Frameworks",
				);
				PRODUCT_BUNDLE_IDENTIFIER = tz.iOS13NewFeature;
				PRODUCT_NAME = "$(TARGET_NAME)";
				SWIFT_VERSION = 5.0;
				TARGETED_DEVICE_FAMILY = "1,2";
			};
			name = Debug;
		};
		3B3DA0E522C3A8E1000CFF15 /* Release */ = {
			isa = XCBuildConfiguration;
			buildSettings = {
				ASSETCATALOG_COMPILER_APPICON_NAME = AppIcon;
				CODE_SIGN_STYLE = Automatic;
				INFOPLIST_FILE = iOS13NewFeature/Info.plist;
				LD_RUNPATH_SEARCH_PATHS = (
					"$(inherited)",
					"@executable_path/Frameworks",
				);
				PRODUCT_BUNDLE_IDENTIFIER = tz.iOS13NewFeature;
				PRODUCT_NAME = "$(TARGET_NAME)";
				SWIFT_VERSION = 5.0;
				TARGETED_DEVICE_FAMILY = "1,2";
			};
			name = Release;
		};
/* End XCBuildConfiguration section */

/* Begin XCConfigurationList section */
		3B3DA0CA22C3A8DF000CFF15 /* Build configuration list for PBXProject "iOS13NewFeature" */ = {
			isa = XCConfigurationList;
			buildConfigurations = (
				3B3DA0E122C3A8E1000CFF15 /* Debug */,
				3B3DA0E222C3A8E1000CFF15 /* Release */,
			);
			defaultConfigurationIsVisible = 0;
			defaultConfigurationName = Release;
		};
		3B3DA0E322C3A8E1000CFF15 /* Build configuration list for PBXNativeTarget "iOS13NewFeature" */ = {
			isa = XCConfigurationList;
			buildConfigurations = (
				3B3DA0E422C3A8E1000CFF15 /* Debug */,
				3B3DA0E522C3A8E1000CFF15 /* Release */,
			);
			defaultConfigurationIsVisible = 0;
			defaultConfigurationName = Release;
		};
/* End XCConfigurationList section */
	};
	rootObject = 3B3DA0C722C3A8DF000CFF15 /* Project object */;
}
